// !$*UTF8*$!
{
	archiveVersion = 1;
	classes = {
	};
	objectVersion = 56;
	objects = {

/* Begin PBXBuildFile section */
		387662562B9B0EAC00C61D7F /* HarryPotterApp.swift in Sources */ = {isa = PBXBuildFile; fileRef = 387662552B9B0EAC00C61D7F /* HarryPotterApp.swift */; };
		387662582B9B0EAC00C61D7F /* CharacterListView.swift in Sources */ = {isa = PBXBuildFile; fileRef = 387662572B9B0EAC00C61D7F /* CharacterListView.swift */; };
		3876625A2B9B0EB500C61D7F /* Assets.xcassets in Resources */ = {isa = PBXBuildFile; fileRef = 387662592B9B0EB500C61D7F /* Assets.xcassets */; };
		3876625D2B9B0EB500C61D7F /* Preview Assets.xcassets in Resources */ = {isa = PBXBuildFile; fileRef = 3876625C2B9B0EB500C61D7F /* Preview Assets.xcassets */; };
		387662672B9B0FB700C61D7F /* Character.swift in Sources */ = {isa = PBXBuildFile; fileRef = 387662662B9B0FB700C61D7F /* Character.swift */; };
		387662692B9B104100C61D7F /* Wand.swift in Sources */ = {isa = PBXBuildFile; fileRef = 387662682B9B104100C61D7F /* Wand.swift */; };
		38EA3DAC2BB47FA60094A877 /* CharacterListViewModel.swift in Sources */ = {isa = PBXBuildFile; fileRef = 38EA3DAB2BB47FA60094A877 /* CharacterListViewModel.swift */; };
/* End PBXBuildFile section */

/* Begin PBXFileReference section */
		387662522B9B0EAC00C61D7F /* HarryPotter.app */ = {isa = PBXFileReference; explicitFileType = wrapper.application; includeInIndex = 0; path = HarryPotter.app; sourceTree = BUILT_PRODUCTS_DIR; };
		387662552B9B0EAC00C61D7F /* HarryPotterApp.swift */ = {isa = PBXFileReference; lastKnownFileType = sourcecode.swift; path = HarryPotterApp.swift; sourceTree = "<group>"; };
		387662572B9B0EAC00C61D7F /* CharacterListView.swift */ = {isa = PBXFileReference; lastKnownFileType = sourcecode.swift; path = CharacterListView.swift; sourceTree = "<group>"; };
		387662592B9B0EB500C61D7F /* Assets.xcassets */ = {isa = PBXFileReference; lastKnownFileType = folder.assetcatalog; path = Assets.xcassets; sourceTree = "<group>"; };
		3876625C2B9B0EB500C61D7F /* Preview Assets.xcassets */ = {isa = PBXFileReference; lastKnownFileType = folder.assetcatalog; path = "Preview Assets.xcassets"; sourceTree = "<group>"; };
		387662662B9B0FB700C61D7F /* Character.swift */ = {isa = PBXFileReference; lastKnownFileType = sourcecode.swift; path = Character.swift; sourceTree = "<group>"; };
		387662682B9B104100C61D7F /* Wand.swift */ = {isa = PBXFileReference; lastKnownFileType = sourcecode.swift; path = Wand.swift; sourceTree = "<group>"; };
		38EA3DAB2BB47FA60094A877 /* CharacterListViewModel.swift */ = {isa = PBXFileReference; lastKnownFileType = sourcecode.swift; path = CharacterListViewModel.swift; sourceTree = "<group>"; };
/* End PBXFileReference section */

/* Begin PBXFrameworksBuildPhase section */
		3876624F2B9B0EAC00C61D7F /* Frameworks */ = {
			isa = PBXFrameworksBuildPhase;
			buildActionMask = 2147483647;
			files = (
			);
			runOnlyForDeploymentPostprocessing = 0;
		};
/* End PBXFrameworksBuildPhase section */

/* Begin PBXGroup section */
		387662492B9B0EAC00C61D7F = {
			isa = PBXGroup;
			children = (
				387662542B9B0EAC00C61D7F /* HarryPotter */,
				387662532B9B0EAC00C61D7F /* Products */,
			);
			sourceTree = "<group>";
		};
		387662532B9B0EAC00C61D7F /* Products */ = {
			isa = PBXGroup;
			children = (
				387662522B9B0EAC00C61D7F /* HarryPotter.app */,
			);
			name = Products;
			sourceTree = "<group>";
		};
		387662542B9B0EAC00C61D7F /* HarryPotter */ = {
			isa = PBXGroup;
			children = (
				387662652B9B0F5B00C61D7F /* Networking */,
				387662642B9B0F4D00C61D7F /* Models */,
				387662632B9B0F3300C61D7F /* Scenes */,
				387662552B9B0EAC00C61D7F /* HarryPotterApp.swift */,
				387662592B9B0EB500C61D7F /* Assets.xcassets */,
				3876625B2B9B0EB500C61D7F /* Preview Content */,
			);
			path = HarryPotter;
			sourceTree = "<group>";
		};
		3876625B2B9B0EB500C61D7F /* Preview Content */ = {
			isa = PBXGroup;
			children = (
				3876625C2B9B0EB500C61D7F /* Preview Assets.xcassets */,
			);
			path = "Preview Content";
			sourceTree = "<group>";
		};
		387662632B9B0F3300C61D7F /* Scenes */ = {
			isa = PBXGroup;
			children = (
				3876626A2B9B118E00C61D7F /* CharacterList */,
			);
			path = Scenes;
			sourceTree = "<group>";
		};
		387662642B9B0F4D00C61D7F /* Models */ = {
			isa = PBXGroup;
			children = (
				387662662B9B0FB700C61D7F /* Character.swift */,
				387662682B9B104100C61D7F /* Wand.swift */,
			);
			path = Models;
			sourceTree = "<group>";
		};
		387662652B9B0F5B00C61D7F /* Networking */ = {
			isa = PBXGroup;
			children = (
			);
			path = Networking;
			sourceTree = "<group>";
		};
		3876626A2B9B118E00C61D7F /* CharacterList */ = {
			isa = PBXGroup;
			children = (
				387662572B9B0EAC00C61D7F /* CharacterListView.swift */,
				38EA3DAB2BB47FA60094A877 /* CharacterListViewModel.swift */,
			);
			path = CharacterList;
			sourceTree = "<group>";
		};
/* End PBXGroup section */

/* Begin PBXNativeTarget section */
		387662512B9B0EAC00C61D7F /* HarryPotter */ = {
			isa = PBXNativeTarget;
			buildConfigurationList = 387662602B9B0EB500C61D7F /* Build configuration list for PBXNativeTarget "HarryPotter" */;
			buildPhases = (
				3876624E2B9B0EAC00C61D7F /* Sources */,
				3876624F2B9B0EAC00C61D7F /* Frameworks */,
				387662502B9B0EAC00C61D7F /* Resources */,
			);
			buildRules = (
			);
			dependencies = (
			);
			name = HarryPotter;
			productName = HarryPotter;
			productReference = 387662522B9B0EAC00C61D7F /* HarryPotter.app */;
			productType = "com.apple.product-type.application";
		};
/* End PBXNativeTarget section */

/* Begin PBXProject section */
		3876624A2B9B0EAC00C61D7F /* Project object */ = {
			isa = PBXProject;
			attributes = {
				BuildIndependentTargetsInParallel = 1;
				LastSwiftUpdateCheck = 1400;
				LastUpgradeCheck = 1400;
				TargetAttributes = {
					387662512B9B0EAC00C61D7F = {
						CreatedOnToolsVersion = 14.0.1;
					};
				};
			};
			buildConfigurationList = 3876624D2B9B0EAC00C61D7F /* Build configuration list for PBXProject "HarryPotter" */;
			compatibilityVersion = "Xcode 14.0";
			developmentRegion = en;
			hasScannedForEncodings = 0;
			knownRegions = (
				en,
				Base,
			);
			mainGroup = 387662492B9B0EAC00C61D7F;
			productRefGroup = 387662532B9B0EAC00C61D7F /* Products */;
			projectDirPath = "";
			projectRoot = "";
			targets = (
				387662512B9B0EAC00C61D7F /* HarryPotter */,
			);
		};
/* End PBXProject section */

/* Begin PBXResourcesBuildPhase section */
		387662502B9B0EAC00C61D7F /* Resources */ = {
			isa = PBXResourcesBuildPhase;
			buildActionMask = 2147483647;
			files = (
				3876625D2B9B0EB500C61D7F /* Preview Assets.xcassets in Resources */,
				3876625A2B9B0EB500C61D7F /* Assets.xcassets in Resources */,
			);
			runOnlyForDeploymentPostprocessing = 0;
		};
/* End PBXResourcesBuildPhase section */

/* Begin PBXSourcesBuildPhase section */
		3876624E2B9B0EAC00C61D7F /* Sources */ = {
			isa = PBXSourcesBuildPhase;
			buildActionMask = 2147483647;
			files = (
				387662672B9B0FB700C61D7F /* Character.swift in Sources */,
				387662582B9B0EAC00C61D7F /* CharacterListView.swift in Sources */,
				387662562B9B0EAC00C61D7F /* HarryPotterApp.swift in Sources */,
				38EA3DAC2BB47FA60094A877 /* CharacterListViewModel.swift in Sources */,
				387662692B9B104100C61D7F /* Wand.swift in Sources */,
			);
			runOnlyForDeploymentPostprocessing = 0;
		};
/* End PBXSourcesBuildPhase section */

/* Begin XCBuildConfiguration section */
		3876625E2B9B0EB500C61D7F /* Debug */ = {
			isa = XCBuildConfiguration;
			buildSettings = {
				ALWAYS_SEARCH_USER_PATHS = NO;
				CLANG_ANALYZER_NONNULL = YES;
				CLANG_ANALYZER_NUMBER_OBJECT_CONVERSION = YES_AGGRESSIVE;
				CLANG_CXX_LANGUAGE_STANDARD = "gnu++20";
				CLANG_ENABLE_MODULES = YES;
				CLANG_ENABLE_OBJC_ARC = YES;
				CLANG_ENABLE_OBJC_WEAK = YES;
				CLANG_WARN_BLOCK_CAPTURE_AUTORELEASING = YES;
				CLANG_WARN_BOOL_CONVERSION = YES;
				CLANG_WARN_COMMA = YES;
				CLANG_WARN_CONSTANT_CONVERSION = YES;
				CLANG_WARN_DEPRECATED_OBJC_IMPLEMENTATIONS = YES;
				CLANG_WARN_DIRECT_OBJC_ISA_USAGE = YES_ERROR;
				CLANG_WARN_DOCUMENTATION_COMMENTS = YES;
				CLANG_WARN_EMPTY_BODY = YES;
				CLANG_WARN_ENUM_CONVERSION = YES;
				CLANG_WARN_INFINITE_RECURSION = YES;
				CLANG_WARN_INT_CONVERSION = YES;
				CLANG_WARN_NON_LITERAL_NULL_CONVERSION = YES;
				CLANG_WARN_OBJC_IMPLICIT_RETAIN_SELF = YES;
				CLANG_WARN_OBJC_LITERAL_CONVERSION = YES;
				CLANG_WARN_OBJC_ROOT_CLASS = YES_ERROR;
				CLANG_WARN_QUOTED_INCLUDE_IN_FRAMEWORK_HEADER = YES;
				CLANG_WARN_RANGE_LOOP_ANALYSIS = YES;
				CLANG_WARN_STRICT_PROTOTYPES = YES;
				CLANG_WARN_SUSPICIOUS_MOVE = YES;
				CLANG_WARN_UNGUARDED_AVAILABILITY = YES_AGGRESSIVE;
				CLANG_WARN_UNREACHABLE_CODE = YES;
				CLANG_WARN__DUPLICATE_METHOD_MATCH = YES;
				COPY_PHASE_STRIP = NO;
				DEBUG_INFORMATION_FORMAT = dwarf;
				ENABLE_STRICT_OBJC_MSGSEND = YES;
				ENABLE_TESTABILITY = YES;
				GCC_C_LANGUAGE_STANDARD = gnu11;
				GCC_DYNAMIC_NO_PIC = NO;
				GCC_NO_COMMON_BLOCKS = YES;
				GCC_OPTIMIZATION_LEVEL = 0;
				GCC_PREPROCESSOR_DEFINITIONS = (
					"DEBUG=1",
					"$(inherited)",
				);
				GCC_WARN_64_TO_32_BIT_CONVERSION = YES;
				GCC_WARN_ABOUT_RETURN_TYPE = YES_ERROR;
				GCC_WARN_UNDECLARED_SELECTOR = YES;
				GCC_WARN_UNINITIALIZED_AUTOS = YES_AGGRESSIVE;
				GCC_WARN_UNUSED_FUNCTION = YES;
				GCC_WARN_UNUSED_VARIABLE = YES;
				IPHONEOS_DEPLOYMENT_TARGET = 16.0;
				MTL_ENABLE_DEBUG_INFO = INCLUDE_SOURCE;
				MTL_FAST_MATH = YES;
				ONLY_ACTIVE_ARCH = YES;
				SDKROOT = iphoneos;
				SWIFT_ACTIVE_COMPILATION_CONDITIONS = DEBUG;
				SWIFT_OPTIMIZATION_LEVEL = "-Onone";
			};
			name = Debug;
		};
		3876625F2B9B0EB500C61D7F /* Release */ = {
			isa = XCBuildConfiguration;
			buildSettings = {
				ALWAYS_SEARCH_USER_PATHS = NO;
				CLANG_ANALYZER_NONNULL = YES;
				CLANG_ANALYZER_NUMBER_OBJECT_CONVERSION = YES_AGGRESSIVE;
				CLANG_CXX_LANGUAGE_STANDARD = "gnu++20";
				CLANG_ENABLE_MODULES = YES;
				CLANG_ENABLE_OBJC_ARC = YES;
				CLANG_ENABLE_OBJC_WEAK = YES;
				CLANG_WARN_BLOCK_CAPTURE_AUTORELEASING = YES;
				CLANG_WARN_BOOL_CONVERSION = YES;
				CLANG_WARN_COMMA = YES;
				CLANG_WARN_CONSTANT_CONVERSION = YES;
				CLANG_WARN_DEPRECATED_OBJC_IMPLEMENTATIONS = YES;
				CLANG_WARN_DIRECT_OBJC_ISA_USAGE = YES_ERROR;
				CLANG_WARN_DOCUMENTATION_COMMENTS = YES;
				CLANG_WARN_EMPTY_BODY = YES;
				CLANG_WARN_ENUM_CONVERSION = YES;
				CLANG_WARN_INFINITE_RECURSION = YES;
				CLANG_WARN_INT_CONVERSION = YES;
				CLANG_WARN_NON_LITERAL_NULL_CONVERSION = YES;
				CLANG_WARN_OBJC_IMPLICIT_RETAIN_SELF = YES;
				CLANG_WARN_OBJC_LITERAL_CONVERSION = YES;
				CLANG_WARN_OBJC_ROOT_CLASS = YES_ERROR;
				CLANG_WARN_QUOTED_INCLUDE_IN_FRAMEWORK_HEADER = YES;
				CLANG_WARN_RANGE_LOOP_ANALYSIS = YES;
				CLANG_WARN_STRICT_PROTOTYPES = YES;
				CLANG_WARN_SUSPICIOUS_MOVE = YES;
				CLANG_WARN_UNGUARDED_AVAILABILITY = YES_AGGRESSIVE;
				CLANG_WARN_UNREACHABLE_CODE = YES;
				CLANG_WARN__DUPLICATE_METHOD_MATCH = YES;
				COPY_PHASE_STRIP = NO;
				DEBUG_INFORMATION_FORMAT = "dwarf-with-dsym";
				ENABLE_NS_ASSERTIONS = NO;
				ENABLE_STRICT_OBJC_MSGSEND = YES;
				GCC_C_LANGUAGE_STANDARD = gnu11;
				GCC_NO_COMMON_BLOCKS = YES;
				GCC_WARN_64_TO_32_BIT_CONVERSION = YES;
				GCC_WARN_ABOUT_RETURN_TYPE = YES_ERROR;
				GCC_WARN_UNDECLARED_SELECTOR = YES;
				GCC_WARN_UNINITIALIZED_AUTOS = YES_AGGRESSIVE;
				GCC_WARN_UNUSED_FUNCTION = YES;
				GCC_WARN_UNUSED_VARIABLE = YES;
				IPHONEOS_DEPLOYMENT_TARGET = 16.0;
				MTL_ENABLE_DEBUG_INFO = NO;
				MTL_FAST_MATH = YES;
				SDKROOT = iphoneos;
				SWIFT_COMPILATION_MODE = wholemodule;
				SWIFT_OPTIMIZATION_LEVEL = "-O";
				VALIDATE_PRODUCT = YES;
			};
			name = Release;
		};
		387662612B9B0EB500C61D7F /* Debug */ = {
			isa = XCBuildConfiguration;
			buildSettings = {
				ASSETCATALOG_COMPILER_APPICON_NAME = AppIcon;
				ASSETCATALOG_COMPILER_GLOBAL_ACCENT_COLOR_NAME = AccentColor;
				CODE_SIGN_STYLE = Automatic;
				CURRENT_PROJECT_VERSION = 1;
				DEVELOPMENT_ASSET_PATHS = "\"HarryPotter/Preview Content\"";
				ENABLE_PREVIEWS = YES;
				GENERATE_INFOPLIST_FILE = YES;
				INFOPLIST_KEY_UIApplicationSceneManifest_Generation = YES;
				INFOPLIST_KEY_UIApplicationSupportsIndirectInputEvents = YES;
				INFOPLIST_KEY_UILaunchScreen_Generation = YES;
				INFOPLIST_KEY_UISupportedInterfaceOrientations_iPad = "UIInterfaceOrientationPortrait UIInterfaceOrientationPortraitUpsideDown UIInterfaceOrientationLandscapeLeft UIInterfaceOrientationLandscapeRight";
				INFOPLIST_KEY_UISupportedInterfaceOrientations_iPhone = "UIInterfaceOrientationPortrait UIInterfaceOrientationLandscapeLeft UIInterfaceOrientationLandscapeRight";
				LD_RUNPATH_SEARCH_PATHS = (
					"$(inherited)",
					"@executable_path/Frameworks",
				);
				MARKETING_VERSION = 1.0;
				PRODUCT_BUNDLE_IDENTIFIER = haus.gloria.HarryPotter;
				PRODUCT_NAME = "$(TARGET_NAME)";
				SWIFT_EMIT_LOC_STRINGS = YES;
				SWIFT_VERSION = 5.0;
				TARGETED_DEVICE_FAMILY = "1,2";
			};
			name = Debug;
		};
		387662622B9B0EB500C61D7F /* Release */ = {
			isa = XCBuildConfiguration;
			buildSettings = {
				ASSETCATALOG_COMPILER_APPICON_NAME = AppIcon;
				ASSETCATALOG_COMPILER_GLOBAL_ACCENT_COLOR_NAME = AccentColor;
				CODE_SIGN_STYLE = Automatic;
				CURRENT_PROJECT_VERSION = 1;
				DEVELOPMENT_ASSET_PATHS = "\"HarryPotter/Preview Content\"";
				ENABLE_PREVIEWS = YES;
				GENERATE_INFOPLIST_FILE = YES;
				INFOPLIST_KEY_UIApplicationSceneManifest_Generation = YES;
				INFOPLIST_KEY_UIApplicationSupportsIndirectInputEvents = YES;
				INFOPLIST_KEY_UILaunchScreen_Generation = YES;
				INFOPLIST_KEY_UISupportedInterfaceOrientations_iPad = "UIInterfaceOrientationPortrait UIInterfaceOrientationPortraitUpsideDown UIInterfaceOrientationLandscapeLeft UIInterfaceOrientationLandscapeRight";
				INFOPLIST_KEY_UISupportedInterfaceOrientations_iPhone = "UIInterfaceOrientationPortrait UIInterfaceOrientationLandscapeLeft UIInterfaceOrientationLandscapeRight";
				LD_RUNPATH_SEARCH_PATHS = (
					"$(inherited)",
					"@executable_path/Frameworks",
				);
				MARKETING_VERSION = 1.0;
				PRODUCT_BUNDLE_IDENTIFIER = haus.gloria.HarryPotter;
				PRODUCT_NAME = "$(TARGET_NAME)";
				SWIFT_EMIT_LOC_STRINGS = YES;
				SWIFT_VERSION = 5.0;
				TARGETED_DEVICE_FAMILY = "1,2";
			};
			name = Release;
		};
/* End XCBuildConfiguration section */

/* Begin XCConfigurationList section */
		3876624D2B9B0EAC00C61D7F /* Build configuration list for PBXProject "HarryPotter" */ = {
			isa = XCConfigurationList;
			buildConfigurations = (
				3876625E2B9B0EB500C61D7F /* Debug */,
				3876625F2B9B0EB500C61D7F /* Release */,
			);
			defaultConfigurationIsVisible = 0;
			defaultConfigurationName = Release;
		};
		387662602B9B0EB500C61D7F /* Build configuration list for PBXNativeTarget "HarryPotter" */ = {
			isa = XCConfigurationList;
			buildConfigurations = (
				387662612B9B0EB500C61D7F /* Debug */,
				387662622B9B0EB500C61D7F /* Release */,
			);
			defaultConfigurationIsVisible = 0;
			defaultConfigurationName = Release;
		};
/* End XCConfigurationList section */
	};
	rootObject = 3876624A2B9B0EAC00C61D7F /* Project object */;
}
